{
  "name": "lab",
  "version": "2.0.0-beta",
  "lockfileVersion": 1,
  "requires": true,
  "dependencies": {
    "@material/animation": {
      "version": "1.0.0",
      "resolved": "https://registry.npmjs.org/@material/animation/-/animation-1.0.0.tgz",
      "integrity": "sha512-Ed5/vggn6ZhSJ87yn3ZS1d826VJNFz73jHF2bSsgRtHDoB8KCuOwQMfdgAgDa4lKDF6CDIPCKBZPKrs2ubehdw==",
      "requires": {
        "tslib": "^1.9.3"
      }
    },
    "@material/base": {
      "version": "1.0.0",
      "resolved": "https://registry.npmjs.org/@material/base/-/base-1.0.0.tgz",
      "integrity": "sha512-5dxFp46x5FA+Epg6YHLzN+5zRt9S2wR84UdvVAEJ1egea94m9UHUg7y9tAnNSN16aexRSywmzyLwPr+i8PGEYA==",
      "requires": {
        "tslib": "^1.9.3"
      }
    },
    "@material/button": {
      "version": "2.3.0",
      "resolved": "https://registry.npmjs.org/@material/button/-/button-2.3.0.tgz",
      "integrity": "sha512-xFyZjm0pmisfSU6OHO3Wk2zZX51N9D0DohmaPoXnZt2unfD8bCwRmlmD7TTUQCLnuBoIaqrYShpcRTGp4K5dMw==",
      "requires": {
        "@material/elevation": "^1.1.0",
        "@material/feature-targeting": "^0.44.1",
        "@material/ripple": "^2.3.0",
        "@material/rtl": "^0.42.0",
        "@material/shape": "^1.1.1",
        "@material/theme": "^1.1.0",
        "@material/typography": "^2.3.0"
      },
      "dependencies": {
        "@material/typography": {
          "version": "2.3.0",
          "resolved": "https://registry.npmjs.org/@material/typography/-/typography-2.3.0.tgz",
          "integrity": "sha512-NtWVVvwG9Te6/kuIl4fEwDcXGCS7mfPgo5CKPyxcK6y0hJHv6yRHpipJT9D4ZlXw0sQx9B33doOK7iYJtwBBZw==",
          "requires": {
            "@material/feature-targeting": "^0.44.1"
          }
        }
      }
    },
    "@material/card": {
      "version": "2.3.0",
      "resolved": "https://registry.npmjs.org/@material/card/-/card-2.3.0.tgz",
      "integrity": "sha512-udVIanyz3KhZ8IfZjX2Yg+YJxU+oYdP9RbCM3hl7l1aqvNr8WSAy/YZ60Ue54fuN+0CpXiNpz1J8GyDktUZKKg==",
      "requires": {
        "@material/elevation": "^1.1.0",
        "@material/feature-targeting": "^0.44.1",
        "@material/ripple": "^2.3.0",
        "@material/rtl": "^0.42.0",
        "@material/shape": "^1.1.1",
        "@material/theme": "^1.1.0"
      }
    },
    "@material/checkbox": {
      "version": "2.3.0",
      "resolved": "https://registry.npmjs.org/@material/checkbox/-/checkbox-2.3.0.tgz",
      "integrity": "sha512-ejDn0CyXITF8mKcBZHCLa0fc0a/agej9o4viMLOXXkUIfOY3NJuY11MyZ07MxAgin11NK9HpUX7cIxu3upV+6w==",
      "requires": {
        "@material/animation": "^1.0.0",
        "@material/base": "^1.0.0",
        "@material/dom": "^1.1.0",
        "@material/feature-targeting": "^0.44.1",
        "@material/ripple": "^2.3.0",
        "@material/rtl": "^0.42.0",
        "@material/theme": "^1.1.0",
        "tslib": "^1.9.3"
      }
    },
    "@material/dom": {
      "version": "1.1.0",
      "resolved": "https://registry.npmjs.org/@material/dom/-/dom-1.1.0.tgz",
      "integrity": "sha512-+HWW38ZaM2UBPu4+7QCusLDSf4tFT31rsEXHkTkxYSg/QpDivfPx6YDz4OmYtafmhPR1d1YjqB3MYysUHdodyw==",
      "requires": {
        "tslib": "^1.9.3"
      }
    },
    "@material/drawer": {
      "version": "2.3.0",
      "resolved": "https://registry.npmjs.org/@material/drawer/-/drawer-2.3.0.tgz",
      "integrity": "sha512-BIrRLkqUO2SLkSRPWtXNwF4ZFmP1NOYynNelPZOdHZOIa6HcgmXzCL5p7hInJ5MDar/xMTA84CSO6Vf1byQwHA==",
      "requires": {
        "@material/animation": "^1.0.0",
        "@material/base": "^1.0.0",
        "@material/elevation": "^1.1.0",
        "@material/list": "^2.3.0",
        "@material/ripple": "^2.3.0",
        "@material/rtl": "^0.42.0",
        "@material/shape": "^1.1.1",
        "@material/theme": "^1.1.0",
        "@material/typography": "^2.3.0",
        "focus-trap": "^5.0.0",
        "tslib": "^1.9.3"
      },
      "dependencies": {
        "@material/typography": {
          "version": "2.3.0",
          "resolved": "https://registry.npmjs.org/@material/typography/-/typography-2.3.0.tgz",
          "integrity": "sha512-NtWVVvwG9Te6/kuIl4fEwDcXGCS7mfPgo5CKPyxcK6y0hJHv6yRHpipJT9D4ZlXw0sQx9B33doOK7iYJtwBBZw==",
          "requires": {
            "@material/feature-targeting": "^0.44.1"
          }
        }
      }
    },
    "@material/elevation": {
      "version": "1.1.0",
      "resolved": "https://registry.npmjs.org/@material/elevation/-/elevation-1.1.0.tgz",
      "integrity": "sha512-m4eATJvDhWK1BT+yA1iHz5mhAk8cV9olC4mjVzm4PTAqhDH2yya4WzjN1HPVHE/a65ObyZ7V4qopxu9MRocm3A==",
      "requires": {
        "@material/animation": "^1.0.0",
        "@material/feature-targeting": "^0.44.1",
        "@material/theme": "^1.1.0"
      }
    },
    "@material/feature-targeting": {
      "version": "0.44.1",
      "resolved": "https://registry.npmjs.org/@material/feature-targeting/-/feature-targeting-0.44.1.tgz",
      "integrity": "sha512-90cc7njn4aHbH9UxY8qgZth1W5JgOgcEdWdubH1t7sFkwqFxS5g3zgxSBt46TygFBVIXNZNq35Xmg80wgqO7Pg=="
    },
    "@material/floating-label": {
      "version": "2.3.0",
      "resolved": "https://registry.npmjs.org/@material/floating-label/-/floating-label-2.3.0.tgz",
      "integrity": "sha512-OYcNmf+mVzW+rphDgVkyWES+SbivA6Y2+0amVDD9E9X6hLjO+L1dtIP3rC7lp0Y2Ey9rkuRORsUoriFvN7xQQw==",
      "requires": {
        "@material/animation": "^1.0.0",
        "@material/base": "^1.0.0",
        "@material/rtl": "^0.42.0",
        "@material/theme": "^1.1.0",
        "@material/typography": "^2.3.0",
        "tslib": "^1.9.3"
      },
      "dependencies": {
        "@material/typography": {
          "version": "2.3.0",
          "resolved": "https://registry.npmjs.org/@material/typography/-/typography-2.3.0.tgz",
          "integrity": "sha512-NtWVVvwG9Te6/kuIl4fEwDcXGCS7mfPgo5CKPyxcK6y0hJHv6yRHpipJT9D4ZlXw0sQx9B33doOK7iYJtwBBZw==",
          "requires": {
            "@material/feature-targeting": "^0.44.1"
          }
        }
      }
    },
    "@material/form-field": {
      "version": "2.3.0",
      "resolved": "https://registry.npmjs.org/@material/form-field/-/form-field-2.3.0.tgz",
      "integrity": "sha512-f+RmxxoARS1UV5/yLhZJ9x2b7ueSKZJJCvaUfuppbv/oIkas0dYeW6lIkGo1ienNZyr2ZdW/j2KiL47LahYP/Q==",
      "requires": {
        "@material/base": "^1.0.0",
        "@material/feature-targeting": "^0.44.1",
        "@material/ripple": "^2.3.0",
        "@material/rtl": "^0.42.0",
        "@material/theme": "^1.1.0",
        "@material/typography": "^2.3.0",
        "tslib": "^1.9.3"
      },
      "dependencies": {
        "@material/typography": {
          "version": "2.3.0",
          "resolved": "https://registry.npmjs.org/@material/typography/-/typography-2.3.0.tgz",
          "integrity": "sha512-NtWVVvwG9Te6/kuIl4fEwDcXGCS7mfPgo5CKPyxcK6y0hJHv6yRHpipJT9D4ZlXw0sQx9B33doOK7iYJtwBBZw==",
          "requires": {
            "@material/feature-targeting": "^0.44.1"
          }
        }
      }
    },
    "@material/line-ripple": {
      "version": "2.3.0",
      "resolved": "https://registry.npmjs.org/@material/line-ripple/-/line-ripple-2.3.0.tgz",
      "integrity": "sha512-gDjUlrM6P182ldY4CYiBMcdcUtch1DWd1osgp5STJXxth6ukRCNIdDigrKCHtyJKB8eXeNORwWs39xWZOGihbA==",
      "requires": {
        "@material/animation": "^1.0.0",
        "@material/base": "^1.0.0",
        "@material/theme": "^1.1.0",
        "tslib": "^1.9.3"
      }
    },
    "@material/list": {
      "version": "2.3.0",
      "resolved": "https://registry.npmjs.org/@material/list/-/list-2.3.0.tgz",
      "integrity": "sha512-uuHWXpaXvPuOaQtQXwrgNc+WTTwBSwU/es65KJJcGrpc/o8Q3mYwMepotMN7E7/L75Wxz2w6uejnoM3zGZfvqg==",
      "requires": {
        "@material/base": "^1.0.0",
        "@material/dom": "^1.1.0",
        "@material/feature-targeting": "^0.44.1",
        "@material/ripple": "^2.3.0",
        "@material/rtl": "^0.42.0",
        "@material/shape": "^1.1.1",
        "@material/theme": "^1.1.0",
        "@material/typography": "^2.3.0",
        "tslib": "^1.9.3"
      },
      "dependencies": {
        "@material/typography": {
          "version": "2.3.0",
          "resolved": "https://registry.npmjs.org/@material/typography/-/typography-2.3.0.tgz",
          "integrity": "sha512-NtWVVvwG9Te6/kuIl4fEwDcXGCS7mfPgo5CKPyxcK6y0hJHv6yRHpipJT9D4ZlXw0sQx9B33doOK7iYJtwBBZw==",
          "requires": {
            "@material/feature-targeting": "^0.44.1"
          }
        }
      }
    },
    "@material/menu": {
      "version": "2.3.0",
      "resolved": "https://registry.npmjs.org/@material/menu/-/menu-2.3.0.tgz",
      "integrity": "sha512-XPI6w4x5c9ACwKBdujcTskBlisWlEgrb09Sa+s0vjhqBJVZVAUJT1j0OpG8tArNUqQiFssXBa/JuJIe6sMAK1A==",
      "requires": {
        "@material/base": "^1.0.0",
        "@material/feature-targeting": "^0.44.1",
        "@material/list": "^2.3.0",
        "@material/menu-surface": "^2.3.0",
        "@material/ripple": "^2.3.0",
        "@material/rtl": "^0.42.0",
        "tslib": "^1.9.3"
      }
    },
    "@material/menu-surface": {
      "version": "2.3.0",
      "resolved": "https://registry.npmjs.org/@material/menu-surface/-/menu-surface-2.3.0.tgz",
      "integrity": "sha512-jJ1MyeJnEJUO0Z7kNxvqN0xruWbTT2XKHCiApQcJHHkeibWfbWJdhXcx5aO4FMf/TVcy3ADSxDTdvc6AYrBX0g==",
      "requires": {
        "@material/animation": "^1.0.0",
        "@material/base": "^1.0.0",
        "@material/elevation": "^1.1.0",
        "@material/feature-targeting": "^0.44.1",
        "@material/rtl": "^0.42.0",
        "@material/shape": "^1.1.1",
        "@material/theme": "^1.1.0",
        "tslib": "^1.9.3"
      }
    },
    "@material/notched-outline": {
      "version": "2.3.0",
      "resolved": "https://registry.npmjs.org/@material/notched-outline/-/notched-outline-2.3.0.tgz",
      "integrity": "sha512-EDhpCGcMi1gW12qzXsdKHr6aYxa80s94tn9/G1r7eJu/BOVTYt20qjqoYQJE6i8XxcD1t5xcNdQ7StgGpk2MGA==",
      "requires": {
        "@material/animation": "^1.0.0",
        "@material/base": "^1.0.0",
        "@material/floating-label": "^2.3.0",
        "@material/rtl": "^0.42.0",
        "@material/shape": "^1.1.1",
        "@material/theme": "^1.1.0",
        "tslib": "^1.9.3"
      }
    },
    "@material/ripple": {
      "version": "2.3.0",
      "resolved": "https://registry.npmjs.org/@material/ripple/-/ripple-2.3.0.tgz",
      "integrity": "sha512-ejXR0nstERofFhssRyFlwOLgebwm2uGbarHtWZ2/+7QY2Th/Z1wOqNb2h/WRoShsJXK11RUsochb6BJrg30u7w==",
      "requires": {
        "@material/animation": "^1.0.0",
        "@material/base": "^1.0.0",
        "@material/dom": "^1.1.0",
        "@material/feature-targeting": "^0.44.1",
        "@material/theme": "^1.1.0",
        "tslib": "^1.9.3"
      }
    },
    "@material/rtl": {
      "version": "0.42.0",
      "resolved": "https://registry.npmjs.org/@material/rtl/-/rtl-0.42.0.tgz",
      "integrity": "sha512-VrnrKJzhmspsN8WXHuxxBZ69yM5IwhCUqWr1t1eNfw3ZEvEj7i1g3P31HGowKThIN1dc1Wh4LE14rCISWCtv5w=="
    },
    "@material/select": {
      "version": "2.3.1",
      "resolved": "https://registry.npmjs.org/@material/select/-/select-2.3.1.tgz",
      "integrity": "sha512-0NLXp0G0eEFcXpO8VaqfBPBu8yUcXcgiWQwsusT2/ek9bA8eT/rzkwvcK++K9i9V3wTPcWPLz5tnZbPASHfGOw==",
      "requires": {
        "@material/animation": "^1.0.0",
        "@material/base": "^1.0.0",
        "@material/floating-label": "^2.3.0",
        "@material/line-ripple": "^2.3.0",
        "@material/menu": "^2.3.0",
        "@material/menu-surface": "^2.3.0",
        "@material/notched-outline": "^2.3.0",
        "@material/ripple": "^2.3.0",
        "@material/rtl": "^0.42.0",
        "@material/shape": "^1.1.1",
        "@material/theme": "^1.1.0",
        "@material/typography": "^2.3.0",
        "tslib": "^1.9.3"
      },
      "dependencies": {
        "@material/typography": {
          "version": "2.3.0",
          "resolved": "https://registry.npmjs.org/@material/typography/-/typography-2.3.0.tgz",
          "integrity": "sha512-NtWVVvwG9Te6/kuIl4fEwDcXGCS7mfPgo5CKPyxcK6y0hJHv6yRHpipJT9D4ZlXw0sQx9B33doOK7iYJtwBBZw==",
          "requires": {
            "@material/feature-targeting": "^0.44.1"
          }
        }
      }
    },
    "@material/shape": {
      "version": "1.1.1",
      "resolved": "https://registry.npmjs.org/@material/shape/-/shape-1.1.1.tgz",
      "integrity": "sha512-Jge/h1XBLjdLlam4QMSzVgM99e/N8+elQROPkltqVP7eyLc17BwM3aP5cLVfZDgrJgvsjUxbgAP1H1j8sqmUyg==",
      "requires": {
        "@material/feature-targeting": "^0.44.1"
      }
    },
    "@material/textfield": {
      "version": "2.3.1",
      "resolved": "https://registry.npmjs.org/@material/textfield/-/textfield-2.3.1.tgz",
      "integrity": "sha512-4w/HyJjNUTnYwuLpOaYEDN45bdFkBcZLC3QfCn3I0B3qrbM1zcpmDUxG0DYyGj1oXCM/sDJXMk07u6CcXpJU5w==",
      "requires": {
        "@material/animation": "^1.0.0",
        "@material/base": "^1.0.0",
        "@material/dom": "^1.1.0",
        "@material/floating-label": "^2.3.0",
        "@material/line-ripple": "^2.3.0",
        "@material/notched-outline": "^2.3.0",
        "@material/ripple": "^2.3.0",
        "@material/rtl": "^0.42.0",
        "@material/shape": "^1.1.1",
        "@material/theme": "^1.1.0",
        "@material/typography": "^2.3.0",
        "tslib": "^1.9.3"
      },
      "dependencies": {
        "@material/typography": {
          "version": "2.3.0",
          "resolved": "https://registry.npmjs.org/@material/typography/-/typography-2.3.0.tgz",
          "integrity": "sha512-NtWVVvwG9Te6/kuIl4fEwDcXGCS7mfPgo5CKPyxcK6y0hJHv6yRHpipJT9D4ZlXw0sQx9B33doOK7iYJtwBBZw==",
          "requires": {
            "@material/feature-targeting": "^0.44.1"
          }
        }
      }
    },
    "@material/theme": {
      "version": "1.1.0",
      "resolved": "https://registry.npmjs.org/@material/theme/-/theme-1.1.0.tgz",
      "integrity": "sha512-YYUV9Rhbx4r/EMb/zoOYJUWjhXChNaLlH1rqt3vpNVyxRcxGqoVMGp5u1XALBCFiD9dACPKLIkKyRYa928nmPQ==",
      "requires": {
        "@material/feature-targeting": "^0.44.1"
      }
    },
    "@material/top-app-bar": {
      "version": "2.3.0",
      "resolved": "https://registry.npmjs.org/@material/top-app-bar/-/top-app-bar-2.3.0.tgz",
      "integrity": "sha512-Y62htWToLGABuxHbFYZxHrR99uVAQa7kdlix7tB7h4J5C/SIIKe9plRMh5e0mqhGf006okrAS0h8J+6KM4hh0Q==",
      "requires": {
        "@material/animation": "^1.0.0",
        "@material/base": "^1.0.0",
        "@material/elevation": "^1.1.0",
        "@material/ripple": "^2.3.0",
        "@material/rtl": "^0.42.0",
        "@material/shape": "^1.1.1",
        "@material/theme": "^1.1.0",
        "@material/typography": "^2.3.0",
        "tslib": "^1.9.3"
      },
      "dependencies": {
        "@material/typography": {
          "version": "2.3.0",
          "resolved": "https://registry.npmjs.org/@material/typography/-/typography-2.3.0.tgz",
          "integrity": "sha512-NtWVVvwG9Te6/kuIl4fEwDcXGCS7mfPgo5CKPyxcK6y0hJHv6yRHpipJT9D4ZlXw0sQx9B33doOK7iYJtwBBZw==",
          "requires": {
            "@material/feature-targeting": "^0.44.1"
          }
        }
      }
    },
    "@material/typography": {
      "version": "1.0.0",
      "resolved": "https://registry.npmjs.org/@material/typography/-/typography-1.0.0.tgz",
      "integrity": "sha512-Oeqbjci1cC7jTE8/n3dwnkqKe9ZeWiaE+rgMtRYtRFw1HvAw14SpGA5EEAS/Li2Hu2KZ50FYCe3HYqShfxtChA==",
      "requires": {
        "@material/feature-targeting": "^0.44.1"
      }
    },
    "@types/estree": {
      "version": "0.0.39",
      "resolved": "https://registry.npmjs.org/@types/estree/-/estree-0.0.39.tgz",
      "integrity": "sha512-EYNwp3bU+98cpU4lAWYYL7Zz+2gryWH1qbdDTidVd6hkiR6weksdbMadyXKXNPEkQFhXM+hVO9ZygomHXp+AIw==",
      "dev": true
    },
    "@types/node": {
      "version": "12.6.9",
      "resolved": "https://registry.npmjs.org/@types/node/-/node-12.6.9.tgz",
      "integrity": "sha512-+YB9FtyxXGyD54p8rXwWaN1EWEyar5L58GlGWgtH2I9rGmLGBQcw63+0jw+ujqVavNuO47S1ByAjm9zdHMnskw==",
      "dev": true
    },
    "acorn": {
      "version": "6.2.1",
      "resolved": "https://registry.npmjs.org/acorn/-/acorn-6.2.1.tgz",
      "integrity": "sha512-JD0xT5FCRDNyjDda3Lrg/IxFscp9q4tiYtxE1/nOzlKCk7hIRuYjhq1kCNkbPjMRMZuFq20HNQn1I9k8Oj0E+Q==",
      "dev": true
    },
    "balanced-match": {
      "version": "1.0.0",
      "resolved": "https://registry.npmjs.org/balanced-match/-/balanced-match-1.0.0.tgz",
      "integrity": "sha1-ibTRmasr7kneFk6gK4nORi1xt2c=",
      "dev": true
    },
    "brace-expansion": {
      "version": "1.1.11",
      "resolved": "https://registry.npmjs.org/brace-expansion/-/brace-expansion-1.1.11.tgz",
      "integrity": "sha512-iCuPHDFgrHX7H2vEI/5xpz07zSHB00TpugqhmYtVmMO6518mCuRMoOYFldEBl0g187ufozdaHgWKcYFb61qGiA==",
      "dev": true,
      "requires": {
        "balanced-match": "^1.0.0",
        "concat-map": "0.0.1"
      }
    },
    "concat-map": {
      "version": "0.0.1",
      "resolved": "https://registry.npmjs.org/concat-map/-/concat-map-0.0.1.tgz",
      "integrity": "sha1-2Klr13/Wjfd5OnMDajug1UBdR3s=",
      "dev": true
    },
    "estree-walker": {
      "version": "0.6.1",
      "resolved": "https://registry.npmjs.org/estree-walker/-/estree-walker-0.6.1.tgz",
      "integrity": "sha512-SqmZANLWS0mnatqbSfRP5g8OXZC12Fgg1IwNtLsyHDzJizORW4khDfjPqJZsemPWBB2uqykUah5YpQ6epsqC/w==",
      "dev": true
    },
    "focus-trap": {
      "version": "5.0.2",
      "resolved": "https://registry.npmjs.org/focus-trap/-/focus-trap-5.0.2.tgz",
      "integrity": "sha512-jQf4ZkX9qOhiNrga4pRh9N2vMqYLRuGM7RZ6VRDLgti04cbG8m7XD4xlU/N0M0cqwDYtXbdzSBQDbRIwqn0FIg==",
      "requires": {
        "tabbable": "^4.0.0",
        "xtend": "^4.0.1"
      }
    },
    "fs-extra": {
      "version": "8.1.0",
      "resolved": "https://registry.npmjs.org/fs-extra/-/fs-extra-8.1.0.tgz",
      "integrity": "sha512-yhlQgA6mnOJUKOsRUFsgJdQCvkKhcz8tlZG5HBQfReYZy46OwLcY+Zia0mtdHsOo9y/hP+CxMN0TU9QxoOtG4g==",
      "dev": true,
      "requires": {
        "graceful-fs": "^4.2.0",
        "jsonfile": "^4.0.0",
        "universalify": "^0.1.0"
      }
    },
    "fs.realpath": {
      "version": "1.0.0",
      "resolved": "https://registry.npmjs.org/fs.realpath/-/fs.realpath-1.0.0.tgz",
      "integrity": "sha1-FQStJSMVjKpA20onh8sBQRmU6k8=",
      "dev": true
    },
    "glob": {
      "version": "7.1.4",
      "resolved": "https://registry.npmjs.org/glob/-/glob-7.1.4.tgz",
      "integrity": "sha512-hkLPepehmnKk41pUGm3sYxoFs/umurYfYJCerbXEyFIWcAzvpipAgVkBqqT9RBKMGjnq6kMuyYwha6csxbiM1A==",
      "dev": true,
      "requires": {
        "fs.realpath": "^1.0.0",
        "inflight": "^1.0.4",
        "inherits": "2",
        "minimatch": "^3.0.4",
        "once": "^1.3.0",
        "path-is-absolute": "^1.0.0"
      }
    },
    "graceful-fs": {
      "version": "4.2.1",
      "resolved": "https://registry.npmjs.org/graceful-fs/-/graceful-fs-4.2.1.tgz",
      "integrity": "sha512-b9usnbDGnD928gJB3LrCmxoibr3VE4U2SMo5PBuBnokWyDADTqDPXg4YpwKF1trpH+UbGp7QLicO3+aWEy0+mw==",
      "dev": true
    },
    "inflight": {
      "version": "1.0.6",
      "resolved": "https://registry.npmjs.org/inflight/-/inflight-1.0.6.tgz",
      "integrity": "sha1-Sb1jMdfQLQwJvJEKEHW6gWW1bfk=",
      "dev": true,
      "requires": {
        "once": "^1.3.0",
        "wrappy": "1"
      }
    },
    "inherits": {
      "version": "2.0.4",
      "resolved": "https://registry.npmjs.org/inherits/-/inherits-2.0.4.tgz",
      "integrity": "sha512-k/vGaX4/Yla3WzyMCvTQOXYeIHvqOKtnqBduzTHpzpQZzAskKMhZ2K+EnBiSM9zGSoIFeMpXKxa4dYeZIQqewQ==",
      "dev": true
    },
    "jsonfile": {
      "version": "4.0.0",
      "resolved": "https://registry.npmjs.org/jsonfile/-/jsonfile-4.0.0.tgz",
      "integrity": "sha1-h3Gq4HmbZAdrdmQPygWPnBDjPss=",
      "dev": true,
      "requires": {
        "graceful-fs": "^4.1.6"
      }
    },
    "minimatch": {
      "version": "3.0.4",
      "resolved": "https://registry.npmjs.org/minimatch/-/minimatch-3.0.4.tgz",
      "integrity": "sha512-yJHVQEhyqPLUTgt9B83PXu6W3rx4MvvHvSUvToogpwoGDOUQ+yDrR0HRot+yOCdCO7u4hX3pWft6kWBBcqh0UA==",
      "dev": true,
      "requires": {
        "brace-expansion": "^1.1.7"
      }
    },
    "once": {
      "version": "1.4.0",
      "resolved": "https://registry.npmjs.org/once/-/once-1.4.0.tgz",
      "integrity": "sha1-WDsap3WWHUsROsF9nFC6753Xa9E=",
      "dev": true,
      "requires": {
        "wrappy": "1"
      }
    },
    "path-is-absolute": {
      "version": "1.0.1",
      "resolved": "https://registry.npmjs.org/path-is-absolute/-/path-is-absolute-1.0.1.tgz",
      "integrity": "sha1-F0uSaHNVNP+8es5r9TpanhtcX18=",
      "dev": true
    },
    "path-parse": {
      "version": "1.0.7",
      "resolved": "https://registry.npmjs.org/path-parse/-/path-parse-1.0.7.tgz",
      "integrity": "sha512-LDJzPVEEEPR+y48z93A0Ed0yXb8pAByGWo/k5YYdYgpY2/2EsOsksJrq7lOHxryrVOn1ejG6oAp8ahvOIQD8sw==",
      "dev": true
    },
    "resolve": {
      "version": "1.11.1",
      "resolved": "https://registry.npmjs.org/resolve/-/resolve-1.11.1.tgz",
      "integrity": "sha512-vIpgF6wfuJOZI7KKKSP+HmiKggadPQAdsp5HiC1mvqnfp0gF1vdwgBWZIdrVft9pgqoMFQN+R7BSWZiBxx+BBw==",
      "dev": true,
      "requires": {
        "path-parse": "^1.0.6"
      }
    },
    "rimraf": {
      "version": "2.6.3",
      "resolved": "https://registry.npmjs.org/rimraf/-/rimraf-2.6.3.tgz",
      "integrity": "sha512-mwqeW5XsA2qAejG46gYdENaxXjx9onRNCfn7L0duuP4hCuTIi/QO7PDK07KJfp1d+izWPrzEJDcSqBa0OZQriA==",
      "dev": true,
      "requires": {
        "glob": "^7.1.3"
      }
    },
    "rollup": {
      "version": "1.18.0",
      "resolved": "https://registry.npmjs.org/rollup/-/rollup-1.18.0.tgz",
      "integrity": "sha512-MBAWr6ectF948gW/bs/yfi0jW7DzwI8n0tEYG/ZMQutmK+blF/Oazyhg3oPqtScCGV8bzCtL9KzlzPtTriEOJA==",
      "dev": true,
      "requires": {
        "@types/estree": "0.0.39",
        "@types/node": "^12.6.3",
        "acorn": "^6.2.0"
      }
    },
    "rollup-plugin-typescript2": {
      "version": "0.22.1",
      "resolved": "https://registry.npmjs.org/rollup-plugin-typescript2/-/rollup-plugin-typescript2-0.22.1.tgz",
      "integrity": "sha512-SQEHr1s0kDWrNV3UKySZtYKFIcWCJh2PQ4ZtLNj18pf50SrxeRDlUksOOeLPyodJ7bVLaKwWDbiobF2a6gfKyg==",
      "dev": true,
      "requires": {
        "fs-extra": "8.1.0",
        "resolve": "1.11.1",
        "rollup-pluginutils": "2.8.1",
        "tslib": "1.10.0"
      }
    },
    "rollup-pluginutils": {
      "version": "2.8.1",
      "resolved": "https://registry.npmjs.org/rollup-pluginutils/-/rollup-pluginutils-2.8.1.tgz",
      "integrity": "sha512-J5oAoysWar6GuZo0s+3bZ6sVZAC0pfqKz68De7ZgDi5z63jOVZn1uJL/+z1jeKHNbGII8kAyHF5q8LnxSX5lQg==",
      "dev": true,
      "requires": {
        "estree-walker": "^0.6.1"
      }
    },
    "tabbable": {
      "version": "4.0.0",
      "resolved": "https://registry.npmjs.org/tabbable/-/tabbable-4.0.0.tgz",
      "integrity": "sha512-H1XoH1URcBOa/rZZWxLxHCtOdVUEev+9vo5YdYhC9tCY4wnybX+VQrCYuy9ubkg69fCBxCONJOSLGfw0DWMffQ=="
    },
    "tslib": {
      "version": "1.10.0",
      "resolved": "https://registry.npmjs.org/tslib/-/tslib-1.10.0.tgz",
      "integrity": "sha512-qOebF53frne81cf0S9B41ByenJ3/IuH8yJKngAX35CmiZySA0khhkovshKK+jGCaMnVomla7gVlIcc3EvKPbTQ=="
    },
    "typescript": {
      "version": "3.5.3",
      "resolved": "https://registry.npmjs.org/typescript/-/typescript-3.5.3.tgz",
      "integrity": "sha512-ACzBtm/PhXBDId6a6sDJfroT2pOWt/oOnk4/dElG5G33ZL776N3Y6/6bKZJBFpd+b05F3Ct9qDjMeJmRWtE2/g==",
      "dev": true
    },
    "universalify": {
      "version": "0.1.2",
      "resolved": "https://registry.npmjs.org/universalify/-/universalify-0.1.2.tgz",
      "integrity": "sha512-rBJeI5CXAlmy1pV+617WB9J63U6XcazHHF2f2dbJix4XzpUF0RS3Zbj0FGIOCAva5P/d/GBOYaACQ1w+0azUkg==",
      "dev": true
    },
    "wrappy": {
      "version": "1.0.2",
      "resolved": "https://registry.npmjs.org/wrappy/-/wrappy-1.0.2.tgz",
      "integrity": "sha1-tSQ9jz7BqjXxNkYFvA0QNuMKtp8=",
      "dev": true
    },
    "xtend": {
      "version": "4.0.2",
      "resolved": "https://registry.npmjs.org/xtend/-/xtend-4.0.2.tgz",
      "integrity": "sha512-LKYU1iAXJXUgAXn9URjiu+MWhyUXHsvfp7mcuYm9dSUKK0/CjtrUwFAxD82/mCWbtLsGjFIad0wIsod4zrTAEQ=="
    }
  }
}
